// !$*UTF8*$!
{
	archiveVersion = 1;
	classes = {
	};
	objectVersion = 46;
	objects = {

/* Begin PBXBuildFile section */
		585CFE321B9B17BC006B9286 /* check_texture.cpp in Sources */ = {isa = PBXBuildFile; fileRef = 585CFE2F1B9B17BC006B9286 /* check_texture.cpp */; };
/* End PBXBuildFile section */

/* Begin PBXFileReference section */
		585CFE261B9B1799006B9286 /* Info.plist */ = {isa = PBXFileReference; lastKnownFileType = text.plist.xml; path = Info.plist; sourceTree = "<group>"; };
		585CFE2F1B9B17BC006B9286 /* check_texture.cpp */ = {isa = PBXFileReference; fileEncoding = 4; lastKnownFileType = sourcecode.cpp.cpp; path = check_texture.cpp; sourceTree = "<group>"; };
		585CFE331B9B1910006B9286 /* check_texture.bundle */ = {isa = PBXFileReference; explicitFileType = wrapper.cfbundle; includeInIndex = 0; name = check_texture.bundle; path = /Users/hecomi/ProgramLocal/Unity/UnityAndroidOpenCvSample/Plugins/check_texture/mac/../../../Assets/Plugins/x86_64/check_texture.bundle; sourceTree = "<absolute>"; };
/* End PBXFileReference section */

/* Begin PBXFrameworksBuildPhase section */
		585CFE1F1B9B1799006B9286 /* Frameworks */ = {
			isa = PBXFrameworksBuildPhase;
			buildActionMask = 2147483647;
			files = (
			);
			runOnlyForDeploymentPostprocessing = 0;
		};
/* End PBXFrameworksBuildPhase section */

/* Begin PBXGroup section */
		585CFE191B9B1799006B9286 = {
			isa = PBXGroup;
			children = (
				585CFE2C1B9B17BC006B9286 /* jni */,
				585CFE241B9B1799006B9286 /* check_texture */,
			);
			sourceTree = "<group>";
		};
		585CFE241B9B1799006B9286 /* check_texture */ = {
			isa = PBXGroup;
			children = (
				585CFE251B9B1799006B9286 /* Supporting Files */,
			);
			path = check_texture;
			sourceTree = "<group>";
		};
		585CFE251B9B1799006B9286 /* Supporting Files */ = {
			isa = PBXGroup;
			children = (
				585CFE261B9B1799006B9286 /* Info.plist */,
			);
			name = "Supporting Files";
			sourceTree = "<group>";
		};
		585CFE2C1B9B17BC006B9286 /* jni */ = {
			isa = PBXGroup;
			children = (
				585CFE2F1B9B17BC006B9286 /* check_texture.cpp */,
			);
			name = jni;
			path = ../jni;
			sourceTree = "<group>";
		};
/* End PBXGroup section */

/* Begin PBXNativeTarget section */
		585CFE211B9B1799006B9286 /* check_texture */ = {
			isa = PBXNativeTarget;
			buildConfigurationList = 585CFE291B9B1799006B9286 /* Build configuration list for PBXNativeTarget "check_texture" */;
			buildPhases = (
				585CFE1E1B9B1799006B9286 /* Sources */,
				585CFE1F1B9B1799006B9286 /* Frameworks */,
				585CFE201B9B1799006B9286 /* Resources */,
			);
			buildRules = (
			);
			dependencies = (
			);
			name = check_texture;
			productName = check_texture;
			productReference = 585CFE331B9B1910006B9286 /* check_texture.bundle */;
			productType = "com.apple.product-type.bundle";
		};
/* End PBXNativeTarget section */

/* Begin PBXProject section */
		585CFE1A1B9B1799006B9286 /* Project object */ = {
			isa = PBXProject;
			attributes = {
				LastUpgradeCheck = 0640;
				ORGANIZATIONNAME = hecomi;
				TargetAttributes = {
					585CFE211B9B1799006B9286 = {
						CreatedOnToolsVersion = 6.4;
					};
				};
			};
			buildConfigurationList = 585CFE1D1B9B1799006B9286 /* Build configuration list for PBXProject "check_texture" */;
			compatibilityVersion = "Xcode 3.2";
			developmentRegion = English;
			hasScannedForEncodings = 0;
			knownRegions = (
				en,
			);
			mainGroup = 585CFE191B9B1799006B9286;
			productRefGroup = 585CFE191B9B1799006B9286;
			projectDirPath = "";
			projectRoot = "";
			targets = (
				585CFE211B9B1799006B9286 /* check_texture */,
			);
		};
/* End PBXProject section */

/* Begin PBXResourcesBuildPhase section */
		585CFE201B9B1799006B9286 /* Resources */ = {
			isa = PBXResourcesBuildPhase;
			buildActionMask = 2147483647;
			files = (
			);
			runOnlyForDeploymentPostprocessing = 0;
		};
/* End PBXResourcesBuildPhase section */

/* Begin PBXSourcesBuildPhase section */
		585CFE1E1B9B1799006B9286 /* Sources */ = {
			isa = PBXSourcesBuildPhase;
			buildActionMask = 2147483647;
			files = (
				585CFE321B9B17BC006B9286 /* check_texture.cpp in Sources */,
			);
			runOnlyForDeploymentPostprocessing = 0;
		};
/* End PBXSourcesBuildPhase section */

/* Begin XCBuildConfiguration section */
		585CFE271B9B1799006B9286 /* Debug */ = {
			isa = XCBuildConfiguration;
			buildSettings = {
				ALWAYS_SEARCH_USER_PATHS = NO;
				CLANG_CXX_LANGUAGE_STANDARD = "gnu++0x";
				CLANG_CXX_LIBRARY = "libc++";
				CLANG_ENABLE_MODULES = YES;
				CLANG_ENABLE_OBJC_ARC = YES;
				CLANG_WARN_BOOL_CONVERSION = YES;
				CLANG_WARN_CONSTANT_CONVERSION = YES;
				CLANG_WARN_DIRECT_OBJC_ISA_USAGE = YES_ERROR;
				CLANG_WARN_EMPTY_BODY = YES;
				CLANG_WARN_ENUM_CONVERSION = YES;
				CLANG_WARN_INT_CONVERSION = YES;
				CLANG_WARN_OBJC_ROOT_CLASS = YES_ERROR;
				CLANG_WARN_UNREACHABLE_CODE = YES;
				CLANG_WARN__DUPLICATE_METHOD_MATCH = YES;
				CONFIGURATION_BUILD_DIR = "$(BUILD_DIR)/$(CONFIGURATION)$(EFFECTIVE_PLATFORM_NAME)";
				COPY_PHASE_STRIP = NO;
				DEBUG_INFORMATION_FORMAT = dwarf;
				ENABLE_STRICT_OBJC_MSGSEND = YES;
				GCC_C_LANGUAGE_STANDARD = gnu99;
				GCC_DYNAMIC_NO_PIC = NO;
				GCC_NO_COMMON_BLOCKS = YES;
				GCC_OPTIMIZATION_LEVEL = 0;
				GCC_PREPROCESSOR_DEFINITIONS = (
					"DEBUG=1",
					"$(inherited)",
				);
				GCC_SYMBOLS_PRIVATE_EXTERN = NO;
				GCC_WARN_64_TO_32_BIT_CONVERSION = YES;
				GCC_WARN_ABOUT_RETURN_TYPE = YES_ERROR;
				GCC_WARN_UNDECLARED_SELECTOR = YES;
				GCC_WARN_UNINITIALIZED_AUTOS = YES_AGGRESSIVE;
				GCC_WARN_UNUSED_FUNCTION = YES;
				GCC_WARN_UNUSED_VARIABLE = YES;
				MACOSX_DEPLOYMENT_TARGET = 10.10;
				MTL_ENABLE_DEBUG_INFO = YES;
				ONLY_ACTIVE_ARCH = YES;
				SDKROOT = macosx;
			};
			name = Debug;
		};
		585CFE281B9B1799006B9286 /* Release */ = {
			isa = XCBuildConfiguration;
			buildSettings = {
				ALWAYS_SEARCH_USER_PATHS = NO;
				CLANG_CXX_LANGUAGE_STANDARD = "gnu++0x";
				CLANG_CXX_LIBRARY = "libc++";
				CLANG_ENABLE_MODULES = YES;
				CLANG_ENABLE_OBJC_ARC = YES;
				CLANG_WARN_BOOL_CONVERSION = YES;
				CLANG_WARN_CONSTANT_CONVERSION = YES;
				CLANG_WARN_DIRECT_OBJC_ISA_USAGE = YES_ERROR;
				CLANG_WARN_EMPTY_BODY = YES;
				CLANG_WARN_ENUM_CONVERSION = YES;
				CLANG_WARN_INT_CONVERSION = YES;
				CLANG_WARN_OBJC_ROOT_CLASS = YES_ERROR;
				CLANG_WARN_UNREACHABLE_CODE = YES;
				CLANG_WARN__DUPLICATE_METHOD_MATCH = YES;
				COPY_PHASE_STRIP = NO;
				DEBUG_INFORMATION_FORMAT = "dwarf-with-dsym";
				ENABLE_NS_ASSERTIONS = NO;
				ENABLE_STRICT_OBJC_MSGSEND = YES;
				GCC_C_LANGUAGE_STANDARD = gnu99;
				GCC_NO_COMMON_BLOCKS = YES;
				GCC_WARN_64_TO_32_BIT_CONVERSION = YES;
				GCC_WARN_ABOUT_RETURN_TYPE = YES_ERROR;
				GCC_WARN_UNDECLARED_SELECTOR = YES;
				GCC_WARN_UNINITIALIZED_AUTOS = YES_AGGRESSIVE;
				GCC_WARN_UNUSED_FUNCTION = YES;
				GCC_WARN_UNUSED_VARIABLE = YES;
				MACOSX_DEPLOYMENT_TARGET = 10.10;
				MTL_ENABLE_DEBUG_INFO = NO;
				SDKROOT = macosx;
			};
			name = Release;
		};
		585CFE2A1B9B1799006B9286 /* Debug */ = {
			isa = XCBuildConfiguration;
			buildSettings = {
				COMBINE_HIDPI_IMAGES = YES;
				CONFIGURATION_BUILD_DIR = ../../../Assets/Plugins/x86_64;
				INFOPLIST_FILE = check_texture/Info.plist;
				INSTALL_PATH = "$(LOCAL_LIBRARY_DIR)/Bundles";
				PRODUCT_NAME = "$(TARGET_NAME)";
				SKIP_INSTALL = YES;
				WRAPPER_EXTENSION = bundle;
			};
			name = Debug;
		};
		585CFE2B1B9B1799006B9286 /* Release */ = {
			isa = XCBuildConfiguration;
			buildSettings = {
				COMBINE_HIDPI_IMAGES = YES;
				CONFIGURATION_BUILD_DIR = ../../../Assets/Plugins/x86_64;
				INFOPLIST_FILE = check_texture/Info.plist;
				INSTALL_PATH = "$(LOCAL_LIBRARY_DIR)/Bundles";
				PRODUCT_NAME = "$(TARGET_NAME)";
				SKIP_INSTALL = YES;
				WRAPPER_EXTENSION = bundle;
			};
			name = Release;
		};
/* End XCBuildConfiguration section */

/* Begin XCConfigurationList section */
		585CFE1D1B9B1799006B9286 /* Build configuration list for PBXProject "check_texture" */ = {
			isa = XCConfigurationList;
			buildConfigurations = (
				585CFE271B9B1799006B9286 /* Debug */,
				585CFE281B9B1799006B9286 /* Release */,
			);
			defaultConfigurationIsVisible = 0;
			defaultConfigurationName = Release;
		};
		585CFE291B9B1799006B9286 /* Build configuration list for PBXNativeTarget "check_texture" */ = {
			isa = XCConfigurationList;
			buildConfigurations = (
				585CFE2A1B9B1799006B9286 /* Debug */,
				585CFE2B1B9B1799006B9286 /* Release */,
			);
			defaultConfigurationIsVisible = 0;
			defaultConfigurationName = Release;
		};
/* End XCConfigurationList section */
	};
	rootObject = 585CFE1A1B9B1799006B9286 /* Project object */;
}
